schema: '2.0'
stages:
  prepare:
    cmd: python -m src.data.prepare
    deps:
    - path: configs/params.yaml
      hash: md5
      md5: 4be1c6ad295e0b62916d4acd6cddbf9a
      size: 2044
    - path: data/raw/hour.csv
      hash: md5
      md5: d50bd5a6f55131e72a7bedc334e2fce1
      size: 1156736
    - path: src/config.py
      hash: md5
      md5: d2e3cc9446e756ad23e2000a39b87517
      size: 1907
    - path: src/data/load.py
      hash: md5
      md5: a53dae174bf3a6c2b9d4ac336b17b529
      size: 239
    - path: src/data/prepare.py
      hash: md5
      md5: 10e9c232f697382ae9360a20ff03897b
      size: 554
    - path: src/data/schema.py
      hash: md5
      md5: 669249dd62eb28a173ad7eaab5b3f216
      size: 1089
    outs:
    - path: data/processed/bike_clean.parquet
      hash: md5
      md5: d0b59acb7d5653e35d754ef01eaa039a
      size: 93550
  preprocess:
    cmd: python -m src.data.split
    deps:
    - path: configs/params.yaml
      hash: md5
      md5: 4be1c6ad295e0b62916d4acd6cddbf9a
      size: 2044
    - path: data/processed/bike_clean.parquet
      hash: md5
      md5: d0b59acb7d5653e35d754ef01eaa039a
      size: 93550
    - path: src/config.py
      hash: md5
      md5: d2e3cc9446e756ad23e2000a39b87517
      size: 1907
    - path: src/data/split.py
      hash: md5
      md5: febc2c7ef51cb878fab2d6ccf73085f3
      size: 2901
    outs:
    - path: data/splits/production.parquet
      hash: md5
      md5: 5fc3539850693ee657235e088549f3b6
      size: 127117
    - path: data/splits/reference.parquet
      hash: md5
      md5: 2103a51ea5a39c418b91f0e994c1c6d2
      size: 17252
    - path: data/splits/test.parquet
      hash: md5
      md5: 714f5f6220f8e7d20da7cb0d14d5e5f8
      size: 22003
    - path: data/splits/train.parquet
      hash: md5
      md5: 6224f2f9fc0357d6707091fe906a5884
      size: 53139
  featurize:
    cmd: python -m src.features.featurize
    deps:
    - path: configs/params.yaml
      hash: md5
      md5: 4be1c6ad295e0b62916d4acd6cddbf9a
      size: 2044
    - path: data/splits/train.parquet
      hash: md5
      md5: 6224f2f9fc0357d6707091fe906a5884
      size: 53139
    - path: src/config.py
      hash: md5
      md5: d2e3cc9446e756ad23e2000a39b87517
      size: 1907
    - path: src/features/featurize.py
      hash: md5
      md5: 560b5a3c4d8a302870492cd413b883e8
      size: 1277
    - path: src/features/preprocessor.py
      hash: md5
      md5: 6461ce9092546d309ea9b8476cc8a485
      size: 5249
    outs:
    - path: data/splits/preprocessor.pkl
      hash: md5
      md5: 0d85b84fb055fe98c4d9de21eb5349ee
      size: 4911
  train:
    cmd: python -m src.training.train
    deps:
    - path: configs/params.yaml
      hash: md5
      md5: 4be1c6ad295e0b62916d4acd6cddbf9a
      size: 2044
    - path: data/splits/preprocessor.pkl
      hash: md5
      md5: 0d85b84fb055fe98c4d9de21eb5349ee
      size: 4911
    - path: data/splits/test.parquet
      hash: md5
      md5: 714f5f6220f8e7d20da7cb0d14d5e5f8
      size: 22003
    - path: data/splits/train.parquet
      hash: md5
      md5: 6224f2f9fc0357d6707091fe906a5884
      size: 53139
    - path: src/config.py
      hash: md5
      md5: d2e3cc9446e756ad23e2000a39b87517
      size: 1907
    - path: src/evaluation/metrics.py
      hash: md5
      md5: 801c80843373b8593cef9a227e24e846
      size: 397
    - path: src/features/preprocessor.py
      hash: md5
      md5: 6461ce9092546d309ea9b8476cc8a485
      size: 5249
    - path: src/training/hpo.py
      hash: md5
      md5: c8fa2cd47fe72bd09696afc5811bc4fe
      size: 2253
    - path: src/training/registry.py
      hash: md5
      md5: 5187a67eb4b38962aadcfb7ad53cb651
      size: 23807
    - path: src/training/train.py
      hash: md5
      md5: ba51bfdc00e4ff95f4c55d3ea24a7ca0
      size: 7118
    outs:
    - path: data/splits/model.pkl
      hash: md5
      md5: 02e29ba88711f7eda26a5a8b50fbe15b
      size: 48990001
